
Microsoft Visual Studio Solution File, Format Version 12.00
# Visual Studio Version 17
VisualStudioVersion = 17.11.35219.272
MinimumVisualStudioVersion = 10.0.40219.1
Project("{FAE04EC0-301F-11D3-BF4B-00C04F79EFBC}") = "UD1-EjemplosColorDialog", "UD1-EjemplosColorDialog\UD1-EjemplosColorDialog.csproj", "{3166FB6D-0A50-4F27-B4D4-065E0F33AABC}"
EndProject
Project("{FAE04EC0-301F-11D3-BF4B-00C04F79EFBC}") = "UD1-EjemploOpenFileDialog", "UD1-EjemploOpenFileDialog\UD1-EjemploOpenFileDialog.csproj", "{1D701867-38E7-4485-B601-85021785CB08}"
EndProject
Project("{FAE04EC0-301F-11D3-BF4B-00C04F79EFBC}") = "UD1-EjemploSaveDialog", "UD1-EjemploSaveDialog\UD1-EjemploSaveDialog.csproj", "{187FFF45-51E1-40FE-A7EC-9C0CD97227B2}"
EndProject
Global
	GlobalSection(SolutionConfigurationPlatforms) = preSolution
		Debug|Any CPU = Debug|Any CPU
		Release|Any CPU = Release|Any CPU
	EndGlobalSection
	GlobalSection(ProjectConfigurationPlatforms) = postSolution
		{3166FB6D-0A50-4F27-B4D4-065E0F33AABC}.Debug|Any CPU.ActiveCfg = Debug|Any CPU
		{3166FB6D-0A50-4F27-B4D4-065E0F33AABC}.Debug|Any CPU.Build.0 = Debug|Any CPU
		{3166FB6D-0A50-4F27-B4D4-065E0F33AABC}.Release|Any CPU.ActiveCfg = Release|Any CPU
		{3166FB6D-0A50-4F27-B4D4-065E0F33AABC}.Release|Any CPU.Build.0 = Release|Any CPU
		{1D701867-38E7-4485-B601-85021785CB08}.Debug|Any CPU.ActiveCfg = Debug|Any CPU
		{1D701867-38E7-4485-B601-85021785CB08}.Debug|Any CPU.Build.0 = Debug|Any CPU
		{1D701867-38E7-4485-B601-85021785CB08}.Release|Any CPU.ActiveCfg = Release|Any CPU
		{1D701867-38E7-4485-B601-85021785CB08}.Release|Any CPU.Build.0 = Release|Any CPU
		{187FFF45-51E1-40FE-A7EC-9C0CD97227B2}.Debug|Any CPU.ActiveCfg = Debug|Any CPU
		{187FFF45-51E1-40FE-A7EC-9C0CD97227B2}.Debug|Any CPU.Build.0 = Debug|Any CPU
		{187FFF45-51E1-40FE-A7EC-9C0CD97227B2}.Release|Any CPU.ActiveCfg = Release|Any CPU
		{187FFF45-51E1-40FE-A7EC-9C0CD97227B2}.Release|Any CPU.Build.0 = Release|Any CPU
	EndGlobalSection
	GlobalSection(SolutionProperties) = preSolution
		HideSolutionNode = FALSE
	EndGlobalSection
	GlobalSection(ExtensibilityGlobals) = postSolution
		SolutionGuid = {0FD99E76-A2F0-40EA-9E51-841CF6F214B1}
	EndGlobalSection
EndGlobal
